
Microsoft Visual Studio Solution File, Format Version 12.00
# Visual Studio Version 16
VisualStudioVersion = 16.0.32901.82
MinimumVisualStudioVersion = 10.0.40219.1
Project("{FAE04EC0-301F-11D3-BF4B-00C04F79EFBC}") = "Nettbutikk", "Nettbutikk.csproj", "{3327AC70-A240-4AD3-A740-DA3F07AF1859}"
EndProject
Global
	GlobalSection(SolutionConfigurationPlatforms) = preSolution
		Debug|Any CPU = Debug|Any CPU
		Release|Any CPU = Release|Any CPU
	EndGlobalSection
	GlobalSection(ProjectConfigurationPlatforms) = postSolution
		{3327AC70-A240-4AD3-A740-DA3F07AF1859}.Debug|Any CPU.ActiveCfg = Debug|Any CPU
		{3327AC70-A240-4AD3-A740-DA3F07AF1859}.Debug|Any CPU.Build.0 = Debug|Any CPU
		{3327AC70-A240-4AD3-A740-DA3F07AF1859}.Release|Any CPU.ActiveCfg = Release|Any CPU
		{3327AC70-A240-4AD3-A740-DA3F07AF1859}.Release|Any CPU.Build.0 = Release|Any CPU
	EndGlobalSection
	GlobalSection(SolutionProperties) = preSolution
		HideSolutionNode = FALSE
	EndGlobalSection
	GlobalSection(ExtensibilityGlobals) = postSolution
		SolutionGuid = {67FDC9AD-5772-431F-B3DD-CE773D5C7153}
	EndGlobalSection
EndGlobal
